
Microsoft Visual Studio Solution File, Format Version 12.00
# Visual Studio Version 17
VisualStudioVersion = 17.2.32616.157
MinimumVisualStudioVersion = 10.0.40219.1
Project("{FAE04EC0-301F-11D3-BF4B-00C04F79EFBC}") = "Entities", "Entities\Entities.csproj", "{DD58E320-FDC5-498D-98EF-C028D043D1C1}"
EndProject
Project("{FAE04EC0-301F-11D3-BF4B-00C04F79EFBC}") = "DataAccess", "DataAccess\DataAccess.csproj", "{89D7B367-0BDF-4569-AEE0-8CEA77670988}"
EndProject
Project("{FAE04EC0-301F-11D3-BF4B-00C04F79EFBC}") = "Business", "Business\Business.csproj", "{00260F7A-E92A-4EF3-A37B-E5ACC57D328A}"
EndProject
Project("{FAE04EC0-301F-11D3-BF4B-00C04F79EFBC}") = "Core", "Core\Core.csproj", "{63AC1FA3-D5CF-4841-89A6-6FBBDDF9D313}"
EndProject
Project("{FAE04EC0-301F-11D3-BF4B-00C04F79EFBC}") = "WebAPI", "WebAPI\WebAPI.csproj", "{8210FDE3-EAA7-4A1F-B095-508019E0E358}"
EndProject
Global
	GlobalSection(SolutionConfigurationPlatforms) = preSolution
		Debug|Any CPU = Debug|Any CPU
		Release|Any CPU = Release|Any CPU
	EndGlobalSection
	GlobalSection(ProjectConfigurationPlatforms) = postSolution
		{DD58E320-FDC5-498D-98EF-C028D043D1C1}.Debug|Any CPU.ActiveCfg = Debug|Any CPU
		{DD58E320-FDC5-498D-98EF-C028D043D1C1}.Debug|Any CPU.Build.0 = Debug|Any CPU
		{DD58E320-FDC5-498D-98EF-C028D043D1C1}.Release|Any CPU.ActiveCfg = Release|Any CPU
		{DD58E320-FDC5-498D-98EF-C028D043D1C1}.Release|Any CPU.Build.0 = Release|Any CPU
		{89D7B367-0BDF-4569-AEE0-8CEA77670988}.Debug|Any CPU.ActiveCfg = Debug|Any CPU
		{89D7B367-0BDF-4569-AEE0-8CEA77670988}.Debug|Any CPU.Build.0 = Debug|Any CPU
		{89D7B367-0BDF-4569-AEE0-8CEA77670988}.Release|Any CPU.ActiveCfg = Release|Any CPU
		{89D7B367-0BDF-4569-AEE0-8CEA77670988}.Release|Any CPU.Build.0 = Release|Any CPU
		{00260F7A-E92A-4EF3-A37B-E5ACC57D328A}.Debug|Any CPU.ActiveCfg = Debug|Any CPU
		{00260F7A-E92A-4EF3-A37B-E5ACC57D328A}.Debug|Any CPU.Build.0 = Debug|Any CPU
		{00260F7A-E92A-4EF3-A37B-E5ACC57D328A}.Release|Any CPU.ActiveCfg = Release|Any CPU
		{00260F7A-E92A-4EF3-A37B-E5ACC57D328A}.Release|Any CPU.Build.0 = Release|Any CPU
		{63AC1FA3-D5CF-4841-89A6-6FBBDDF9D313}.Debug|Any CPU.ActiveCfg = Debug|Any CPU
		{63AC1FA3-D5CF-4841-89A6-6FBBDDF9D313}.Debug|Any CPU.Build.0 = Debug|Any CPU
		{63AC1FA3-D5CF-4841-89A6-6FBBDDF9D313}.Release|Any CPU.ActiveCfg = Release|Any CPU
		{63AC1FA3-D5CF-4841-89A6-6FBBDDF9D313}.Release|Any CPU.Build.0 = Release|Any CPU
		{8210FDE3-EAA7-4A1F-B095-508019E0E358}.Debug|Any CPU.ActiveCfg = Debug|Any CPU
		{8210FDE3-EAA7-4A1F-B095-508019E0E358}.Debug|Any CPU.Build.0 = Debug|Any CPU
		{8210FDE3-EAA7-4A1F-B095-508019E0E358}.Release|Any CPU.ActiveCfg = Release|Any CPU
		{8210FDE3-EAA7-4A1F-B095-508019E0E358}.Release|Any CPU.Build.0 = Release|Any CPU
	EndGlobalSection
	GlobalSection(SolutionProperties) = preSolution
		HideSolutionNode = FALSE
	EndGlobalSection
	GlobalSection(ExtensibilityGlobals) = postSolution
		SolutionGuid = {C46A8824-200E-45AE-B724-78CBBDB213D3}
	EndGlobalSection
EndGlobal
